
Microsoft Visual Studio Solution File, Format Version 12.00
# Visual Studio 15
VisualStudioVersion = 15.0.27428.2037
MinimumVisualStudioVersion = 10.0.40219.1
Project("{FAE04EC0-301F-11D3-BF4B-00C04F79EFBC}") = "Vigenere", "Vigenere\Vigenere.csproj", "{B6500356-9426-4AD3-B508-D2F2A4B322F6}"
EndProject
Global
	GlobalSection(SolutionConfigurationPlatforms) = preSolution
		Debug|Any CPU = Debug|Any CPU
		Release|Any CPU = Release|Any CPU
	EndGlobalSection
	GlobalSection(ProjectConfigurationPlatforms) = postSolution
		{B6500356-9426-4AD3-B508-D2F2A4B322F6}.Debug|Any CPU.ActiveCfg = Debug|Any CPU
		{B6500356-9426-4AD3-B508-D2F2A4B322F6}.Debug|Any CPU.Build.0 = Debug|Any CPU
		{B6500356-9426-4AD3-B508-D2F2A4B322F6}.Release|Any CPU.ActiveCfg = Release|Any CPU
		{B6500356-9426-4AD3-B508-D2F2A4B322F6}.Release|Any CPU.Build.0 = Release|Any CPU
	EndGlobalSection
	GlobalSection(SolutionProperties) = preSolution
		HideSolutionNode = FALSE
	EndGlobalSection
	GlobalSection(ExtensibilityGlobals) = postSolution
		SolutionGuid = {A85A11C4-3EA2-455D-8037-D6403CACB627}
	EndGlobalSection
EndGlobal
